
Microsoft Visual Studio Solution File, Format Version 12.00
# Visual Studio Version 16
VisualStudioVersion = 16.0.28803.202
MinimumVisualStudioVersion = 10.0.40219.1
Project("{FAE04EC0-301F-11D3-BF4B-00C04F79EFBC}") = "lab5", "Lab5_12\lab5.csproj", "{0D4DF3B3-000C-4238-8E32-8210C3318A6B}"
EndProject
Global
	GlobalSection(SolutionConfigurationPlatforms) = preSolution
		Debug|Any CPU = Debug|Any CPU
		Release|Any CPU = Release|Any CPU
	EndGlobalSection
	GlobalSection(ProjectConfigurationPlatforms) = postSolution
		{0D4DF3B3-000C-4238-8E32-8210C3318A6B}.Debug|Any CPU.ActiveCfg = Debug|Any CPU
		{0D4DF3B3-000C-4238-8E32-8210C3318A6B}.Debug|Any CPU.Build.0 = Debug|Any CPU
		{0D4DF3B3-000C-4238-8E32-8210C3318A6B}.Release|Any CPU.ActiveCfg = Release|Any CPU
		{0D4DF3B3-000C-4238-8E32-8210C3318A6B}.Release|Any CPU.Build.0 = Release|Any CPU
	EndGlobalSection
	GlobalSection(SolutionProperties) = preSolution
		HideSolutionNode = FALSE
	EndGlobalSection
	GlobalSection(ExtensibilityGlobals) = postSolution
		SolutionGuid = {7785FD02-BB0C-4232-8B0F-B92EF1EA6F6E}
	EndGlobalSection
EndGlobal
